
Microsoft Visual Studio Solution File, Format Version 12.00
# Visual Studio Version 17
VisualStudioVersion = 17.5.33424.131
MinimumVisualStudioVersion = 10.0.40219.1
Project("{FAE04EC0-301F-11D3-BF4B-00C04F79EFBC}") = "Kolos_poprawa", "Kolos_poprawa\Kolos_poprawa.csproj", "{01C93501-2EA5-42CB-BA1E-E044210883AB}"
EndProject
Global
	GlobalSection(SolutionConfigurationPlatforms) = preSolution
		Debug|Any CPU = Debug|Any CPU
		Release|Any CPU = Release|Any CPU
	EndGlobalSection
	GlobalSection(ProjectConfigurationPlatforms) = postSolution
		{01C93501-2EA5-42CB-BA1E-E044210883AB}.Debug|Any CPU.ActiveCfg = Debug|Any CPU
		{01C93501-2EA5-42CB-BA1E-E044210883AB}.Debug|Any CPU.Build.0 = Debug|Any CPU
		{01C93501-2EA5-42CB-BA1E-E044210883AB}.Release|Any CPU.ActiveCfg = Release|Any CPU
		{01C93501-2EA5-42CB-BA1E-E044210883AB}.Release|Any CPU.Build.0 = Release|Any CPU
	EndGlobalSection
	GlobalSection(SolutionProperties) = preSolution
		HideSolutionNode = FALSE
	EndGlobalSection
	GlobalSection(ExtensibilityGlobals) = postSolution
		SolutionGuid = {102B139D-AA17-4B3F-B05A-F6DADEFBC0EA}
	EndGlobalSection
EndGlobal
